
Microsoft Visual Studio Solution File, Format Version 12.00
# Visual Studio Version 16
VisualStudioVersion = 16.0.31112.23
MinimumVisualStudioVersion = 10.0.40219.1
Project("{FAE04EC0-301F-11D3-BF4B-00C04F79EFBC}") = "PrismRegionDemo", "PrismRegionDemo\PrismRegionDemo.csproj", "{55785438-C894-4D14-8FAC-569C26839DCA}"
EndProject
Project("{FAE04EC0-301F-11D3-BF4B-00C04F79EFBC}") = "ModuleA", "ModuleA\ModuleA.csproj", "{4D661A11-7341-43A9-A3C5-1F9B7BAAED95}"
EndProject
Project("{2150E333-8FDC-42A3-9474-1A3956D46DE8}") = "Solution Items", "Solution Items", "{A0A4EFA7-EE36-4530-BD4B-B5F0D541FDD7}"
	ProjectSection(SolutionItems) = preProject
		Notes.txt = Notes.txt
	EndProjectSection
EndProject
Global
	GlobalSection(SolutionConfigurationPlatforms) = preSolution
		Debug|Any CPU = Debug|Any CPU
		Release|Any CPU = Release|Any CPU
	EndGlobalSection
	GlobalSection(ProjectConfigurationPlatforms) = postSolution
		{55785438-C894-4D14-8FAC-569C26839DCA}.Debug|Any CPU.ActiveCfg = Debug|Any CPU
		{55785438-C894-4D14-8FAC-569C26839DCA}.Debug|Any CPU.Build.0 = Debug|Any CPU
		{55785438-C894-4D14-8FAC-569C26839DCA}.Release|Any CPU.ActiveCfg = Release|Any CPU
		{55785438-C894-4D14-8FAC-569C26839DCA}.Release|Any CPU.Build.0 = Release|Any CPU
		{4D661A11-7341-43A9-A3C5-1F9B7BAAED95}.Debug|Any CPU.ActiveCfg = Debug|Any CPU
		{4D661A11-7341-43A9-A3C5-1F9B7BAAED95}.Debug|Any CPU.Build.0 = Debug|Any CPU
		{4D661A11-7341-43A9-A3C5-1F9B7BAAED95}.Release|Any CPU.ActiveCfg = Release|Any CPU
		{4D661A11-7341-43A9-A3C5-1F9B7BAAED95}.Release|Any CPU.Build.0 = Release|Any CPU
	EndGlobalSection
	GlobalSection(SolutionProperties) = preSolution
		HideSolutionNode = FALSE
	EndGlobalSection
	GlobalSection(ExtensibilityGlobals) = postSolution
		SolutionGuid = {AFBD42B3-09C6-470A-BD8C-14CCD1520755}
	EndGlobalSection
EndGlobal
