
Microsoft Visual Studio Solution File, Format Version 12.00
# Visual Studio 15
VisualStudioVersion = 15.0.28307.438
MinimumVisualStudioVersion = 10.0.40219.1
Project("{FAE04EC0-301F-11D3-BF4B-00C04F79EFBC}") = "ClosableTabControl", "ClosableTabControl\ClosableTabControl.csproj", "{1D65C499-B197-4A59-A50B-FBA068EC3B64}"
EndProject
Global
	GlobalSection(SolutionConfigurationPlatforms) = preSolution
		Debug|Any CPU = Debug|Any CPU
		Release|Any CPU = Release|Any CPU
	EndGlobalSection
	GlobalSection(ProjectConfigurationPlatforms) = postSolution
		{1D65C499-B197-4A59-A50B-FBA068EC3B64}.Debug|Any CPU.ActiveCfg = Debug|Any CPU
		{1D65C499-B197-4A59-A50B-FBA068EC3B64}.Debug|Any CPU.Build.0 = Debug|Any CPU
		{1D65C499-B197-4A59-A50B-FBA068EC3B64}.Release|Any CPU.ActiveCfg = Release|Any CPU
		{1D65C499-B197-4A59-A50B-FBA068EC3B64}.Release|Any CPU.Build.0 = Release|Any CPU
	EndGlobalSection
	GlobalSection(SolutionProperties) = preSolution
		HideSolutionNode = FALSE
	EndGlobalSection
	GlobalSection(ExtensibilityGlobals) = postSolution
		SolutionGuid = {DE0EB340-E12E-4EE6-BF3A-62CD782A4140}
	EndGlobalSection
EndGlobal
