
Microsoft Visual Studio Solution File, Format Version 12.00
# Visual Studio Version 17
VisualStudioVersion = 17.4.33103.184
MinimumVisualStudioVersion = 10.0.40219.1
Project("{FAE04EC0-301F-11D3-BF4B-00C04F79EFBC}") = "WpfBehaviorTest", "WpfBehaviorTest\WpfBehaviorTest.csproj", "{335D0CA9-DEEE-4498-BF68-C4A22A91672C}"
EndProject
Project("{FAE04EC0-301F-11D3-BF4B-00C04F79EFBC}") = "SmoothScrollViewer", "..\..\..\Users\peter\OneDrive\GitRepos\WinControls\SmoothScrollViewer\SmoothScrollViewer\SmoothScrollViewer.csproj", "{5A51445D-DE5A-4313-92C0-924EFD6CBACE}"
EndProject
Global
	GlobalSection(SolutionConfigurationPlatforms) = preSolution
		Debug|Any CPU = Debug|Any CPU
		Release|Any CPU = Release|Any CPU
	EndGlobalSection
	GlobalSection(ProjectConfigurationPlatforms) = postSolution
		{335D0CA9-DEEE-4498-BF68-C4A22A91672C}.Debug|Any CPU.ActiveCfg = Debug|Any CPU
		{335D0CA9-DEEE-4498-BF68-C4A22A91672C}.Debug|Any CPU.Build.0 = Debug|Any CPU
		{335D0CA9-DEEE-4498-BF68-C4A22A91672C}.Release|Any CPU.ActiveCfg = Release|Any CPU
		{335D0CA9-DEEE-4498-BF68-C4A22A91672C}.Release|Any CPU.Build.0 = Release|Any CPU
		{5A51445D-DE5A-4313-92C0-924EFD6CBACE}.Debug|Any CPU.ActiveCfg = Debug|Any CPU
		{5A51445D-DE5A-4313-92C0-924EFD6CBACE}.Debug|Any CPU.Build.0 = Debug|Any CPU
		{5A51445D-DE5A-4313-92C0-924EFD6CBACE}.Release|Any CPU.ActiveCfg = Release|Any CPU
		{5A51445D-DE5A-4313-92C0-924EFD6CBACE}.Release|Any CPU.Build.0 = Release|Any CPU
	EndGlobalSection
	GlobalSection(SolutionProperties) = preSolution
		HideSolutionNode = FALSE
	EndGlobalSection
	GlobalSection(ExtensibilityGlobals) = postSolution
		SolutionGuid = {FCCA6378-C1AC-4C94-8081-F74E13302FC6}
	EndGlobalSection
EndGlobal
