
Microsoft Visual Studio Solution File, Format Version 12.00
# Visual Studio Version 17
VisualStudioVersion = 17.3.32929.385
MinimumVisualStudioVersion = 10.0.40219.1
Project("{FAE04EC0-301F-11D3-BF4B-00C04F79EFBC}") = "CloseWindowMVVM2", "CloseWindowMVVM2\CloseWindowMVVM2.csproj", "{D0210220-4805-4426-B4C0-CE766E5265D3}"
EndProject
Global
	GlobalSection(SolutionConfigurationPlatforms) = preSolution
		Debug|Any CPU = Debug|Any CPU
		Release|Any CPU = Release|Any CPU
	EndGlobalSection
	GlobalSection(ProjectConfigurationPlatforms) = postSolution
		{D0210220-4805-4426-B4C0-CE766E5265D3}.Debug|Any CPU.ActiveCfg = Debug|Any CPU
		{D0210220-4805-4426-B4C0-CE766E5265D3}.Debug|Any CPU.Build.0 = Debug|Any CPU
		{D0210220-4805-4426-B4C0-CE766E5265D3}.Release|Any CPU.ActiveCfg = Release|Any CPU
		{D0210220-4805-4426-B4C0-CE766E5265D3}.Release|Any CPU.Build.0 = Release|Any CPU
	EndGlobalSection
	GlobalSection(SolutionProperties) = preSolution
		HideSolutionNode = FALSE
	EndGlobalSection
	GlobalSection(ExtensibilityGlobals) = postSolution
		SolutionGuid = {E6BF949E-F223-46A0-B1DB-9195771F45D6}
	EndGlobalSection
EndGlobal
