
Microsoft Visual Studio Solution File, Format Version 12.00
# Visual Studio Version 17
VisualStudioVersion = 17.8.34330.188
MinimumVisualStudioVersion = 10.0.40219.1
Project("{FAE04EC0-301F-11D3-BF4B-00C04F79EFBC}") = "BindableBaseDemo", "BindableBase\BindableBaseDemo.csproj", "{2E6DC275-D5EC-4961-B0DD-2C3A2A28417E}"
EndProject
Global
	GlobalSection(SolutionConfigurationPlatforms) = preSolution
		Debug|Any CPU = Debug|Any CPU
		Release|Any CPU = Release|Any CPU
	EndGlobalSection
	GlobalSection(ProjectConfigurationPlatforms) = postSolution
		{2E6DC275-D5EC-4961-B0DD-2C3A2A28417E}.Debug|Any CPU.ActiveCfg = Debug|Any CPU
		{2E6DC275-D5EC-4961-B0DD-2C3A2A28417E}.Debug|Any CPU.Build.0 = Debug|Any CPU
		{2E6DC275-D5EC-4961-B0DD-2C3A2A28417E}.Release|Any CPU.ActiveCfg = Release|Any CPU
		{2E6DC275-D5EC-4961-B0DD-2C3A2A28417E}.Release|Any CPU.Build.0 = Release|Any CPU
	EndGlobalSection
	GlobalSection(SolutionProperties) = preSolution
		HideSolutionNode = FALSE
	EndGlobalSection
	GlobalSection(ExtensibilityGlobals) = postSolution
		SolutionGuid = {4CA2590A-F743-4ACE-B6C5-11F3D031E4E7}
	EndGlobalSection
EndGlobal
