
Microsoft Visual Studio Solution File, Format Version 12.00
# Visual Studio Version 17
VisualStudioVersion = 17.7.34031.279
MinimumVisualStudioVersion = 10.0.40219.1
Project("{FAE04EC0-301F-11D3-BF4B-00C04F79EFBC}") = "CaliburnMicroTest", "CaliburnMicroTest\CaliburnMicroTest.csproj", "{CABF4396-1569-4F89-B593-23D56D1AF538}"
EndProject
Global
	GlobalSection(SolutionConfigurationPlatforms) = preSolution
		Debug|Any CPU = Debug|Any CPU
		Release|Any CPU = Release|Any CPU
	EndGlobalSection
	GlobalSection(ProjectConfigurationPlatforms) = postSolution
		{CABF4396-1569-4F89-B593-23D56D1AF538}.Debug|Any CPU.ActiveCfg = Debug|Any CPU
		{CABF4396-1569-4F89-B593-23D56D1AF538}.Debug|Any CPU.Build.0 = Debug|Any CPU
		{CABF4396-1569-4F89-B593-23D56D1AF538}.Release|Any CPU.ActiveCfg = Release|Any CPU
		{CABF4396-1569-4F89-B593-23D56D1AF538}.Release|Any CPU.Build.0 = Release|Any CPU
	EndGlobalSection
	GlobalSection(SolutionProperties) = preSolution
		HideSolutionNode = FALSE
	EndGlobalSection
	GlobalSection(ExtensibilityGlobals) = postSolution
		SolutionGuid = {0BB1C1D2-30DF-4CAB-991B-C53861CCAAD8}
	EndGlobalSection
EndGlobal
