
Microsoft Visual Studio Solution File, Format Version 12.00
# Visual Studio Version 17
VisualStudioVersion = 17.3.32922.545
MinimumVisualStudioVersion = 10.0.40219.1
Project("{FAE04EC0-301F-11D3-BF4B-00C04F79EFBC}") = "CloseWindowMVVM1", "CloseWindowMVVM1\CloseWindowMVVM1.csproj", "{CA54417C-1C4E-4F1A-9859-CCBA91C106A2}"
EndProject
Global
	GlobalSection(SolutionConfigurationPlatforms) = preSolution
		Debug|Any CPU = Debug|Any CPU
		Release|Any CPU = Release|Any CPU
	EndGlobalSection
	GlobalSection(ProjectConfigurationPlatforms) = postSolution
		{CA54417C-1C4E-4F1A-9859-CCBA91C106A2}.Debug|Any CPU.ActiveCfg = Debug|Any CPU
		{CA54417C-1C4E-4F1A-9859-CCBA91C106A2}.Debug|Any CPU.Build.0 = Debug|Any CPU
		{CA54417C-1C4E-4F1A-9859-CCBA91C106A2}.Release|Any CPU.ActiveCfg = Release|Any CPU
		{CA54417C-1C4E-4F1A-9859-CCBA91C106A2}.Release|Any CPU.Build.0 = Release|Any CPU
	EndGlobalSection
	GlobalSection(SolutionProperties) = preSolution
		HideSolutionNode = FALSE
	EndGlobalSection
	GlobalSection(ExtensibilityGlobals) = postSolution
		SolutionGuid = {57E14A3C-11D5-47F1-8143-4C1423310DDB}
	EndGlobalSection
EndGlobal
