
Microsoft Visual Studio Solution File, Format Version 12.00
# Visual Studio 15
VisualStudioVersion = 15.0.28307.1062
MinimumVisualStudioVersion = 10.0.40219.1
Project("{FAE04EC0-301F-11D3-BF4B-00C04F79EFBC}") = "VectoTest", "VectoTest\VectoTest.csproj", "{460AF29D-481F-4D51-A349-4689D93504E4}"
EndProject
Global
	GlobalSection(SolutionConfigurationPlatforms) = preSolution
		Debug|Any CPU = Debug|Any CPU
		Release|Any CPU = Release|Any CPU
	EndGlobalSection
	GlobalSection(ProjectConfigurationPlatforms) = postSolution
		{460AF29D-481F-4D51-A349-4689D93504E4}.Debug|Any CPU.ActiveCfg = Debug|Any CPU
		{460AF29D-481F-4D51-A349-4689D93504E4}.Debug|Any CPU.Build.0 = Debug|Any CPU
		{460AF29D-481F-4D51-A349-4689D93504E4}.Release|Any CPU.ActiveCfg = Release|Any CPU
		{460AF29D-481F-4D51-A349-4689D93504E4}.Release|Any CPU.Build.0 = Release|Any CPU
	EndGlobalSection
	GlobalSection(SolutionProperties) = preSolution
		HideSolutionNode = FALSE
	EndGlobalSection
	GlobalSection(ExtensibilityGlobals) = postSolution
		SolutionGuid = {8DF9ACC5-2C56-4F4C-9FA6-2EC8B83776CF}
	EndGlobalSection
EndGlobal
