
Microsoft Visual Studio Solution File, Format Version 12.00
# Visual Studio Version 16
VisualStudioVersion = 16.0.31205.134
MinimumVisualStudioVersion = 10.0.40219.1
Project("{FAE04EC0-301F-11D3-BF4B-00C04F79EFBC}") = "ClosureTest", "ClosureTest\ClosureTest.csproj", "{EEFE15DE-3B3C-4D81-9F30-35CACE5D43F7}"
EndProject
Global
	GlobalSection(SolutionConfigurationPlatforms) = preSolution
		Debug|Any CPU = Debug|Any CPU
		Release|Any CPU = Release|Any CPU
	EndGlobalSection
	GlobalSection(ProjectConfigurationPlatforms) = postSolution
		{EEFE15DE-3B3C-4D81-9F30-35CACE5D43F7}.Debug|Any CPU.ActiveCfg = Debug|Any CPU
		{EEFE15DE-3B3C-4D81-9F30-35CACE5D43F7}.Debug|Any CPU.Build.0 = Debug|Any CPU
		{EEFE15DE-3B3C-4D81-9F30-35CACE5D43F7}.Release|Any CPU.ActiveCfg = Release|Any CPU
		{EEFE15DE-3B3C-4D81-9F30-35CACE5D43F7}.Release|Any CPU.Build.0 = Release|Any CPU
	EndGlobalSection
	GlobalSection(SolutionProperties) = preSolution
		HideSolutionNode = FALSE
	EndGlobalSection
	GlobalSection(ExtensibilityGlobals) = postSolution
		SolutionGuid = {57005E57-F8DB-4DCF-8F18-C5110E893538}
	EndGlobalSection
EndGlobal
